
Microsoft Visual Studio Solution File, Format Version 12.00
# Visual Studio Version 16
VisualStudioVersion = 16.0.32126.315
MinimumVisualStudioVersion = 10.0.40219.1
Project("{8BC9CEB8-8B4A-11D0-8D11-00A0C91BC942}") = "三子棋", "三子棋\三子棋.vcxproj", "{C50A74E8-DEC0-404F-AE2D-C4026B78AF34}"
EndProject
Global
	GlobalSection(SolutionConfigurationPlatforms) = preSolution
		Debug|x64 = Debug|x64
		Debug|x86 = Debug|x86
		Release|x64 = Release|x64
		Release|x86 = Release|x86
	EndGlobalSection
	GlobalSection(ProjectConfigurationPlatforms) = postSolution
		{C50A74E8-DEC0-404F-AE2D-C4026B78AF34}.Debug|x64.ActiveCfg = Debug|x64
		{C50A74E8-DEC0-404F-AE2D-C4026B78AF34}.Debug|x64.Build.0 = Debug|x64
		{C50A74E8-DEC0-404F-AE2D-C4026B78AF34}.Debug|x86.ActiveCfg = Debug|Win32
		{C50A74E8-DEC0-404F-AE2D-C4026B78AF34}.Debug|x86.Build.0 = Debug|Win32
		{C50A74E8-DEC0-404F-AE2D-C4026B78AF34}.Release|x64.ActiveCfg = Release|x64
		{C50A74E8-DEC0-404F-AE2D-C4026B78AF34}.Release|x64.Build.0 = Release|x64
		{C50A74E8-DEC0-404F-AE2D-C4026B78AF34}.Release|x86.ActiveCfg = Release|Win32
		{C50A74E8-DEC0-404F-AE2D-C4026B78AF34}.Release|x86.Build.0 = Release|Win32
	EndGlobalSection
	GlobalSection(SolutionProperties) = preSolution
		HideSolutionNode = FALSE
	EndGlobalSection
	GlobalSection(ExtensibilityGlobals) = postSolution
		SolutionGuid = {A8AC6D74-73C1-41C7-A50C-CAB065921665}
	EndGlobalSection
EndGlobal
